{
  "name": "geogoe.com",
  "lockfileVersion": 2,
  "requires": true,
  "packages": {
    "": {
      "dependencies": {
        "preact": "^8.5.3",
        "preact-compat": "^3.19.0"
      }
    },
    "node_modules/immutability-helper": {
      "version": "2.9.1",
      "resolved": "https://registry.npmjs.org/immutability-helper/-/immutability-helper-2.9.1.tgz",
      "integrity": "sha512-r/RmRG8xO06s/k+PIaif2r5rGc3j4Yhc01jSBfwPCXDLYZwp/yxralI37Df1mwmuzcCsen/E/ITKcTEvc1PQmQ==",
      "dependencies": {
        "invariant": "^2.2.0"
      }
    },
    "node_modules/invariant": {
      "version": "2.2.4",
      "resolved": "https://registry.npmjs.org/invariant/-/invariant-2.2.4.tgz",
      "integrity": "sha512-phJfQVBuaJM5raOpJjSfkiD6BpbCE4Ns//LaXl6wGYtUBY83nWS6Rf9tXm2e8VaK60JEjYldbPif/A2B1C2gNA==",
      "dependencies": {
        "loose-envify": "^1.0.0"
      }
    },
    "node_modules/js-tokens": {
      "version": "4.0.0",
      "resolved": "https://registry.npmjs.org/js-tokens/-/js-tokens-4.0.0.tgz",
      "integrity": "sha512-RdJUflcE3cUzKiMqQgsCu06FPu9UdIJO0beYbPhHN4k6apgJtifcoCtT9bcxOpYBtpD2kCM6Sbzg4CausW/PKQ=="
    },
    "node_modules/loose-envify": {
      "version": "1.4.0",
      "resolved": "https://registry.npmjs.org/loose-envify/-/loose-envify-1.4.0.tgz",
      "integrity": "sha512-lyuxPGr/Wfhrlem2CL/UcnUc1zcqKAImBDzukY7Y5F/yQiNdko6+fRLevlw1HgMySw7f611UIY408EtxRSoK3Q==",
      "dependencies": {
        "js-tokens": "^3.0.0 || ^4.0.0"
      },
      "bin": {
        "loose-envify": "cli.js"
      }
    },
    "node_modules/object-assign": {
      "version": "4.1.1",
      "resolved": "https://registry.npmjs.org/object-assign/-/object-assign-4.1.1.tgz",
      "integrity": "sha512-rJgTQnkUnH1sFw8yT6VSU3zD3sWmu6sZhIseY8VX+GRu3P6F7Fu+JNDoXfklElbLJSnc3FUQHVe4cU5hj+BcUg==",
      "engines": {
        "node": ">=0.10.0"
      }
    },
    "node_modules/preact": {
      "version": "8.5.3",
      "resolved": "https://registry.npmjs.org/preact/-/preact-8.5.3.tgz",
      "integrity": "sha512-O3kKP+1YdgqHOFsZF2a9JVdtqD+RPzCQc3rP+Ualf7V6rmRDchZ9MJbiGTT7LuyqFKZqlHSOyO/oMFmI2lVTsw==",
      "hasInstallScript": true
    },
    "node_modules/preact-compat": {
      "version": "3.19.0",
      "resolved": "https://registry.npmjs.org/preact-compat/-/preact-compat-3.19.0.tgz",
      "integrity": "sha512-f83A4hIhH8Uzhb9GbIcGk8SM19ffWlwP9mDaYwQdRnMdekZwcCA7eIAbeV4EMQaV9C0Yuy8iKgBAtyTKPZQt/Q==",
      "dependencies": {
        "immutability-helper": "^2.7.1",
        "preact-context": "^1.1.3",
        "preact-render-to-string": "^3.8.2",
        "preact-transition-group": "^1.1.1",
        "prop-types": "^15.6.2",
        "standalone-react-addons-pure-render-mixin": "^0.1.1"
      },
      "peerDependencies": {
        "preact": "<10"
      }
    },
    "node_modules/preact-context": {
      "version": "1.1.4",
      "resolved": "https://registry.npmjs.org/preact-context/-/preact-context-1.1.4.tgz",
      "integrity": "sha512-gcCjPJ65R0MiW9hDu8W/3WAmyTElIvwLyEO6oLQiM6/TbLKLxCpBCWV8GJjx52TTEyUr60HLDcmoCXZlslelzQ==",
      "peerDependencies": {
        "preact": "^8.2.7"
      }
    },
    "node_modules/preact-render-to-string": {
      "version": "3.8.2",
      "resolved": "https://registry.npmjs.org/preact-render-to-string/-/preact-render-to-string-3.8.2.tgz",
      "integrity": "sha512-przuZPajiurStGgxMoJP0EJeC4xj5CgHv+M7GfF3YxAdhGgEWAkhOSE0xympAFN20uMayntBZpttIZqqLl77fw==",
      "dependencies": {
        "pretty-format": "^3.5.1"
      },
      "peerDependencies": {
        "preact": "*"
      }
    },
    "node_modules/preact-transition-group": {
      "version": "1.1.1",
      "resolved": "https://registry.npmjs.org/preact-transition-group/-/preact-transition-group-1.1.1.tgz",
      "integrity": "sha512-v89XLodCvylf5lMrhI+LqIhDsAjWfiDKV4keAU+L5yDtxmqn8uvjZXn+haKMEG0x0PZz81own19SuNJD5NlOFQ==",
      "peerDependencies": {
        "preact": "*"
      }
    },
    "node_modules/pretty-format": {
      "version": "3.8.0",
      "resolved": "https://registry.npmjs.org/pretty-format/-/pretty-format-3.8.0.tgz",
      "integrity": "sha512-WuxUnVtlWL1OfZFQFuqvnvs6MiAGk9UNsBostyBOB0Is9wb5uRESevA6rnl/rkksXaGX3GzZhPup5d6Vp1nFew=="
    },
    "node_modules/prop-types": {
      "version": "15.8.1",
      "resolved": "https://registry.npmjs.org/prop-types/-/prop-types-15.8.1.tgz",
      "integrity": "sha512-oj87CgZICdulUohogVAR7AjlC0327U4el4L6eAvOqCeudMDVU0NThNaV+b9Df4dXgSP1gXMTnPdhfe/2qDH5cg==",
      "dependencies": {
        "loose-envify": "^1.4.0",
        "object-assign": "^4.1.1",
        "react-is": "^16.13.1"
      }
    },
    "node_modules/react-is": {
      "version": "16.13.1",
      "resolved": "https://registry.npmjs.org/react-is/-/react-is-16.13.1.tgz",
      "integrity": "sha512-24e6ynE2H+OKt4kqsOvNd8kBpV65zoxbA4BVsEOB3ARVWQki/DHzaUoC5KuON/BiccDaCCTZBuOcfZs70kR8bQ=="
    },
    "node_modules/standalone-react-addons-pure-render-mixin": {
      "version": "0.1.1",
      "resolved": "https://registry.npmjs.org/standalone-react-addons-pure-render-mixin/-/standalone-react-addons-pure-render-mixin-0.1.1.tgz",
      "integrity": "sha512-HFkwqpJmvz4vxHyzdeUcjtsp8Am+NauLXdU2/YXT1/InPbszaRo1cLPAy/58H7oOPNNjteqHcv04JEw+d9C+Xw=="
    }
  },
  "dependencies": {
    "immutability-helper": {
      "version": "2.9.1",
      "resolved": "https://registry.npmjs.org/immutability-helper/-/immutability-helper-2.9.1.tgz",
      "integrity": "sha512-r/RmRG8xO06s/k+PIaif2r5rGc3j4Yhc01jSBfwPCXDLYZwp/yxralI37Df1mwmuzcCsen/E/ITKcTEvc1PQmQ==",
      "requires": {
        "invariant": "^2.2.0"
      }
    },
    "invariant": {
      "version": "2.2.4",
      "resolved": "https://registry.npmjs.org/invariant/-/invariant-2.2.4.tgz",
      "integrity": "sha512-phJfQVBuaJM5raOpJjSfkiD6BpbCE4Ns//LaXl6wGYtUBY83nWS6Rf9tXm2e8VaK60JEjYldbPif/A2B1C2gNA==",
      "requires": {
        "loose-envify": "^1.0.0"
      }
    },
    "js-tokens": {
      "version": "4.0.0",
      "resolved": "https://registry.npmjs.org/js-tokens/-/js-tokens-4.0.0.tgz",
      "integrity": "sha512-RdJUflcE3cUzKiMqQgsCu06FPu9UdIJO0beYbPhHN4k6apgJtifcoCtT9bcxOpYBtpD2kCM6Sbzg4CausW/PKQ=="
    },
    "loose-envify": {
      "version": "1.4.0",
      "resolved": "https://registry.npmjs.org/loose-envify/-/loose-envify-1.4.0.tgz",
      "integrity": "sha512-lyuxPGr/Wfhrlem2CL/UcnUc1zcqKAImBDzukY7Y5F/yQiNdko6+fRLevlw1HgMySw7f611UIY408EtxRSoK3Q==",
      "requires": {
        "js-tokens": "^3.0.0 || ^4.0.0"
      }
    },
    "object-assign": {
      "version": "4.1.1",
      "resolved": "https://registry.npmjs.org/object-assign/-/object-assign-4.1.1.tgz",
      "integrity": "sha512-rJgTQnkUnH1sFw8yT6VSU3zD3sWmu6sZhIseY8VX+GRu3P6F7Fu+JNDoXfklElbLJSnc3FUQHVe4cU5hj+BcUg=="
    },
    "preact": {
      "version": "8.5.3",
      "resolved": "https://registry.npmjs.org/preact/-/preact-8.5.3.tgz",
      "integrity": "sha512-O3kKP+1YdgqHOFsZF2a9JVdtqD+RPzCQc3rP+Ualf7V6rmRDchZ9MJbiGTT7LuyqFKZqlHSOyO/oMFmI2lVTsw=="
    },
    "preact-compat": {
      "version": "3.19.0",
      "resolved": "https://registry.npmjs.org/preact-compat/-/preact-compat-3.19.0.tgz",
      "integrity": "sha512-f83A4hIhH8Uzhb9GbIcGk8SM19ffWlwP9mDaYwQdRnMdekZwcCA7eIAbeV4EMQaV9C0Yuy8iKgBAtyTKPZQt/Q==",
      "requires": {
        "immutability-helper": "^2.7.1",
        "preact-context": "^1.1.3",
        "preact-render-to-string": "^3.8.2",
        "preact-transition-group": "^1.1.1",
        "prop-types": "^15.6.2",
        "standalone-react-addons-pure-render-mixin": "^0.1.1"
      }
    },
    "preact-context": {
      "version": "1.1.4",
      "resolved": "https://registry.npmjs.org/preact-context/-/preact-context-1.1.4.tgz",
      "integrity": "sha512-gcCjPJ65R0MiW9hDu8W/3WAmyTElIvwLyEO6oLQiM6/TbLKLxCpBCWV8GJjx52TTEyUr60HLDcmoCXZlslelzQ==",
      "requires": {}
    },
    "preact-render-to-string": {
      "version": "3.8.2",
      "resolved": "https://registry.npmjs.org/preact-render-to-string/-/preact-render-to-string-3.8.2.tgz",
      "integrity": "sha512-przuZPajiurStGgxMoJP0EJeC4xj5CgHv+M7GfF3YxAdhGgEWAkhOSE0xympAFN20uMayntBZpttIZqqLl77fw==",
      "requires": {
        "pretty-format": "^3.5.1"
      }
    },
    "preact-transition-group": {
      "version": "1.1.1",
      "resolved": "https://registry.npmjs.org/preact-transition-group/-/preact-transition-group-1.1.1.tgz",
      "integrity": "sha512-v89XLodCvylf5lMrhI+LqIhDsAjWfiDKV4keAU+L5yDtxmqn8uvjZXn+haKMEG0x0PZz81own19SuNJD5NlOFQ==",
      "requires": {}
    },
    "pretty-format": {
      "version": "3.8.0",
      "resolved": "https://registry.npmjs.org/pretty-format/-/pretty-format-3.8.0.tgz",
      "integrity": "sha512-WuxUnVtlWL1OfZFQFuqvnvs6MiAGk9UNsBostyBOB0Is9wb5uRESevA6rnl/rkksXaGX3GzZhPup5d6Vp1nFew=="
    },
    "prop-types": {
      "version": "15.8.1",
      "resolved": "https://registry.npmjs.org/prop-types/-/prop-types-15.8.1.tgz",
      "integrity": "sha512-oj87CgZICdulUohogVAR7AjlC0327U4el4L6eAvOqCeudMDVU0NThNaV+b9Df4dXgSP1gXMTnPdhfe/2qDH5cg==",
      "requires": {
        "loose-envify": "^1.4.0",
        "object-assign": "^4.1.1",
        "react-is": "^16.13.1"
      }
    },
    "react-is": {
      "version": "16.13.1",
      "resolved": "https://registry.npmjs.org/react-is/-/react-is-16.13.1.tgz",
      "integrity": "sha512-24e6ynE2H+OKt4kqsOvNd8kBpV65zoxbA4BVsEOB3ARVWQki/DHzaUoC5KuON/BiccDaCCTZBuOcfZs70kR8bQ=="
    },
    "standalone-react-addons-pure-render-mixin": {
      "version": "0.1.1",
      "resolved": "https://registry.npmjs.org/standalone-react-addons-pure-render-mixin/-/standalone-react-addons-pure-render-mixin-0.1.1.tgz",
      "integrity": "sha512-HFkwqpJmvz4vxHyzdeUcjtsp8Am+NauLXdU2/YXT1/InPbszaRo1cLPAy/58H7oOPNNjteqHcv04JEw+d9C+Xw=="
    }
  }
}
